Microsoft Visual Studio Solution File, Format Version 11.00
# Visual Studio 2008

Project("{C0291C07-8D0D-3E8C-6D6B-C8692B97F0F2}") = "COMP305-W2016-MailPilot", "Assembly-CSharp.csproj", "{16443464-2B1D-5BFF-F476-6F65168F64DA}"
EndProject
Global
	GlobalSection(SolutionConfigurationPlatforms) = preSolution
		Debug|Any CPU = Debug|Any CPU
		Release|Any CPU = Release|Any CPU
	EndGlobalSection
	GlobalSection(ProjectConfigurationPlatforms) = postSolution
		{16443464-2B1D-5BFF-F476-6F65168F64DA}.Debug|Any CPU.ActiveCfg = Debug|Any CPU
		{16443464-2B1D-5BFF-F476-6F65168F64DA}.Debug|Any CPU.Build.0 = Debug|Any CPU
		{16443464-2B1D-5BFF-F476-6F65168F64DA}.Release|Any CPU.ActiveCfg = Release|Any CPU
		{16443464-2B1D-5BFF-F476-6F65168F64DA}.Release|Any CPU.Build.0 = Release|Any CPU
	EndGlobalSection
	GlobalSection(SolutionProperties) = preSolution
		HideSolutionNode = FALSE
	EndGlobalSection
	GlobalSection(MonoDevelopProperties) = preSolution
		StartupItem = Assembly-CSharp.csproj
	EndGlobalSection
EndGlobal
